
Microsoft Visual Studio Solution File, Format Version 12.00
# Visual Studio Version 16
VisualStudioVersion = 16.0.30907.101
MinimumVisualStudioVersion = 10.0.40219.1
Project("{9A19103F-16F7-4668-BE54-9A1E7A4F7556}") = "WorkTime", "WorkTime.csproj", "{CEE90E2C-B7CF-4D86-B3E2-23D45E5E7F5E}"
EndProject
Global
	GlobalSection(SolutionConfigurationPlatforms) = preSolution
		Debug|Any CPU = Debug|Any CPU
		Release|Any CPU = Release|Any CPU
	EndGlobalSection
	GlobalSection(ProjectConfigurationPlatforms) = postSolution
		{CEE90E2C-B7CF-4D86-B3E2-23D45E5E7F5E}.Debug|Any CPU.ActiveCfg = Debug|Any CPU
		{CEE90E2C-B7CF-4D86-B3E2-23D45E5E7F5E}.Debug|Any CPU.Build.0 = Debug|Any CPU
		{CEE90E2C-B7CF-4D86-B3E2-23D45E5E7F5E}.Release|Any CPU.ActiveCfg = Release|Any CPU
		{CEE90E2C-B7CF-4D86-B3E2-23D45E5E7F5E}.Release|Any CPU.Build.0 = Release|Any CPU
	EndGlobalSection
	GlobalSection(SolutionProperties) = preSolution
		HideSolutionNode = FALSE
	EndGlobalSection
	GlobalSection(ExtensibilityGlobals) = postSolution
		SolutionGuid = {85CB81F9-0513-4459-B321-600372FB3EDD}
	EndGlobalSection
EndGlobal
